// !$*UTF8*$!
{
	archiveVersion = 1;
	classes = {
	};
	objectVersion = 48;
	objects = {

/* Begin PBXBuildFile section */
		474A48AB20BBCE1100988FEC /* AppDelegate.m in Sources */ = {isa = PBXBuildFile; fileRef = 474A48AA20BBCE1100988FEC /* AppDelegate.m */; };
		474A48AE20BBCE1100988FEC /* ViewController.m in Sources */ = {isa = PBXBuildFile; fileRef = 474A48AD20BBCE1100988FEC /* ViewController.m */; };
		474A48B120BBCE1100988FEC /* Main.storyboard in Resources */ = {isa = PBXBuildFile; fileRef = 474A48AF20BBCE1100988FEC /* Main.storyboard */; };
		474A48B320BBCE1200988FEC /* Assets.xcassets in Resources */ = {isa = PBXBuildFile; fileRef = 474A48B220BBCE1200988FEC /* Assets.xcassets */; };
		474A48B620BBCE1200988FEC /* LaunchScreen.storyboard in Resources */ = {isa = PBXBuildFile; fileRef = 474A48B420BBCE1200988FEC /* LaunchScreen.storyboard */; };
		474A48B920BBCE1200988FEC /* main.m in Sources */ = {isa = PBXBuildFile; fileRef = 474A48B820BBCE1200988FEC /* main.m */; };
		474A48C920BD2EED00988FEC /* SearchViewController.m in Sources */ = {isa = PBXBuildFile; fileRef = 474A48C820BD2EED00988FEC /* SearchViewController.m */; };
		474A48CC20BD304100988FEC /* BookingViewController.m in Sources */ = {isa = PBXBuildFile; fileRef = 474A48CB20BD304100988FEC /* BookingViewController.m */; };
		474A48CF20BD307800988FEC /* BookingDetailViewController.m in Sources */ = {isa = PBXBuildFile; fileRef = 474A48CE20BD307800988FEC /* BookingDetailViewController.m */; };
		474A48D220BD309E00988FEC /* RestaurantListViewController.m in Sources */ = {isa = PBXBuildFile; fileRef = 474A48D120BD309E00988FEC /* RestaurantListViewController.m */; };
		474A48D520BD30AE00988FEC /* PromotionListViewController.m in Sources */ = {isa = PBXBuildFile; fileRef = 474A48D420BD30AE00988FEC /* PromotionListViewController.m */; };
		474A48D820BD30C200988FEC /* PromotionDetailViewController.m in Sources */ = {isa = PBXBuildFile; fileRef = 474A48D720BD30C200988FEC /* PromotionDetailViewController.m */; };
		474A48DB20BD91A200988FEC /* Restaurant.m in Sources */ = {isa = PBXBuildFile; fileRef = 474A48DA20BD91A200988FEC /* Restaurant.m */; };
		474A48E120BDB93000988FEC /* RestaurantCell.m in Sources */ = {isa = PBXBuildFile; fileRef = 474A48E020BDB93000988FEC /* RestaurantCell.m */; };
		474A48E420BE3F4E00988FEC /* Promotion.m in Sources */ = {isa = PBXBuildFile; fileRef = 474A48E320BE3F4E00988FEC /* Promotion.m */; };
		474A48E720BE3FE200988FEC /* PromotionCell.m in Sources */ = {isa = PBXBuildFile; fileRef = 474A48E620BE3FE200988FEC /* PromotionCell.m */; };
		474A48EA20BE5F8500988FEC /* Queue.m in Sources */ = {isa = PBXBuildFile; fileRef = 474A48E920BE5F8500988FEC /* Queue.m */; };
		47890C7B20C04F2B00298598 /* HTTPService.m in Sources */ = {isa = PBXBuildFile; fileRef = 47890C7A20C04F2B00298598 /* HTTPService.m */; };
		47890C7E20C142C300298598 /* MobileCoreServices.framework in Frameworks */ = {isa = PBXBuildFile; fileRef = 47890C7D20C142C200298598 /* MobileCoreServices.framework */; };
/* End PBXBuildFile section */

/* Begin PBXFileReference section */
		474A48A620BBCE1100988FEC /* QueQ_OBJC.app */ = {isa = PBXFileReference; explicitFileType = wrapper.application; includeInIndex = 0; path = QueQ_OBJC.app; sourceTree = BUILT_PRODUCTS_DIR; };
		474A48A920BBCE1100988FEC /* AppDelegate.h */ = {isa = PBXFileReference; lastKnownFileType = sourcecode.c.h; path = AppDelegate.h; sourceTree = "<group>"; };
		474A48AA20BBCE1100988FEC /* AppDelegate.m */ = {isa = PBXFileReference; lastKnownFileType = sourcecode.c.objc; path = AppDelegate.m; sourceTree = "<group>"; };
		474A48AC20BBCE1100988FEC /* ViewController.h */ = {isa = PBXFileReference; lastKnownFileType = sourcecode.c.h; path = ViewController.h; sourceTree = "<group>"; };
		474A48AD20BBCE1100988FEC /* ViewController.m */ = {isa = PBXFileReference; lastKnownFileType = sourcecode.c.objc; path = ViewController.m; sourceTree = "<group>"; };
		474A48B020BBCE1100988FEC /* Base */ = {isa = PBXFileReference; lastKnownFileType = file.storyboard; name = Base; path = Base.lproj/Main.storyboard; sourceTree = "<group>"; };
		474A48B220BBCE1200988FEC /* Assets.xcassets */ = {isa = PBXFileReference; lastKnownFileType = folder.assetcatalog; path = Assets.xcassets; sourceTree = "<group>"; };
		474A48B520BBCE1200988FEC /* Base */ = {isa = PBXFileReference; lastKnownFileType = file.storyboard; name = Base; path = Base.lproj/LaunchScreen.storyboard; sourceTree = "<group>"; };
		474A48B720BBCE1200988FEC /* Info.plist */ = {isa = PBXFileReference; lastKnownFileType = text.plist.xml; path = Info.plist; sourceTree = "<group>"; };
		474A48B820BBCE1200988FEC /* main.m */ = {isa = PBXFileReference; lastKnownFileType = sourcecode.c.objc; path = main.m; sourceTree = "<group>"; };
		474A48C720BD2EED00988FEC /* SearchViewController.h */ = {isa = PBXFileReference; lastKnownFileType = sourcecode.c.h; path = SearchViewController.h; sourceTree = "<group>"; };
		474A48C820BD2EED00988FEC /* SearchViewController.m */ = {isa = PBXFileReference; lastKnownFileType = sourcecode.c.objc; path = SearchViewController.m; sourceTree = "<group>"; };
		474A48CA20BD304100988FEC /* BookingViewController.h */ = {isa = PBXFileReference; lastKnownFileType = sourcecode.c.h; path = BookingViewController.h; sourceTree = "<group>"; };
		474A48CB20BD304100988FEC /* BookingViewController.m */ = {isa = PBXFileReference; lastKnownFileType = sourcecode.c.objc; path = BookingViewController.m; sourceTree = "<group>"; };
		474A48CD20BD307800988FEC /* BookingDetailViewController.h */ = {isa = PBXFileReference; lastKnownFileType = sourcecode.c.h; path = BookingDetailViewController.h; sourceTree = "<group>"; };
		474A48CE20BD307800988FEC /* BookingDetailViewController.m */ = {isa = PBXFileReference; lastKnownFileType = sourcecode.c.objc; path = BookingDetailViewController.m; sourceTree = "<group>"; };
		474A48D020BD309E00988FEC /* RestaurantListViewController.h */ = {isa = PBXFileReference; lastKnownFileType = sourcecode.c.h; path = RestaurantListViewController.h; sourceTree = "<group>"; };
		474A48D120BD309E00988FEC /* RestaurantListViewController.m */ = {isa = PBXFileReference; lastKnownFileType = sourcecode.c.objc; path = RestaurantListViewController.m; sourceTree = "<group>"; };
		474A48D320BD30AE00988FEC /* PromotionListViewController.h */ = {isa = PBXFileReference; lastKnownFileType = sourcecode.c.h; path = PromotionListViewController.h; sourceTree = "<group>"; };
		474A48D420BD30AE00988FEC /* PromotionListViewController.m */ = {isa = PBXFileReference; lastKnownFileType = sourcecode.c.objc; path = PromotionListViewController.m; sourceTree = "<group>"; };
		474A48D620BD30C200988FEC /* PromotionDetailViewController.h */ = {isa = PBXFileReference; lastKnownFileType = sourcecode.c.h; path = PromotionDetailViewController.h; sourceTree = "<group>"; };
		474A48D720BD30C200988FEC /* PromotionDetailViewController.m */ = {isa = PBXFileReference; lastKnownFileType = sourcecode.c.objc; path = PromotionDetailViewController.m; sourceTree = "<group>"; };
		474A48D920BD91A200988FEC /* Restaurant.h */ = {isa = PBXFileReference; lastKnownFileType = sourcecode.c.h; path = Restaurant.h; sourceTree = "<group>"; };
		474A48DA20BD91A200988FEC /* Restaurant.m */ = {isa = PBXFileReference; lastKnownFileType = sourcecode.c.objc; path = Restaurant.m; sourceTree = "<group>"; };
		474A48DF20BDB93000988FEC /* RestaurantCell.h */ = {isa = PBXFileReference; lastKnownFileType = sourcecode.c.h; path = RestaurantCell.h; sourceTree = "<group>"; };
		474A48E020BDB93000988FEC /* RestaurantCell.m */ = {isa = PBXFileReference; lastKnownFileType = sourcecode.c.objc; path = RestaurantCell.m; sourceTree = "<group>"; };
		474A48E220BE3F4E00988FEC /* Promotion.h */ = {isa = PBXFileReference; lastKnownFileType = sourcecode.c.h; path = Promotion.h; sourceTree = "<group>"; };
		474A48E320BE3F4E00988FEC /* Promotion.m */ = {isa = PBXFileReference; lastKnownFileType = sourcecode.c.objc; path = Promotion.m; sourceTree = "<group>"; };
		474A48E520BE3FE200988FEC /* PromotionCell.h */ = {isa = PBXFileReference; lastKnownFileType = sourcecode.c.h; path = PromotionCell.h; sourceTree = "<group>"; };
		474A48E620BE3FE200988FEC /* PromotionCell.m */ = {isa = PBXFileReference; lastKnownFileType = sourcecode.c.objc; path = PromotionCell.m; sourceTree = "<group>"; };
		474A48E820BE5F8500988FEC /* Queue.h */ = {isa = PBXFileReference; lastKnownFileType = sourcecode.c.h; path = Queue.h; sourceTree = "<group>"; };
		474A48E920BE5F8500988FEC /* Queue.m */ = {isa = PBXFileReference; lastKnownFileType = sourcecode.c.objc; path = Queue.m; sourceTree = "<group>"; };
		47890C7920C04F2B00298598 /* HTTPService.h */ = {isa = PBXFileReference; lastKnownFileType = sourcecode.c.h; path = HTTPService.h; sourceTree = "<group>"; };
		47890C7A20C04F2B00298598 /* HTTPService.m */ = {isa = PBXFileReference; lastKnownFileType = sourcecode.c.objc; path = HTTPService.m; sourceTree = "<group>"; };
		47890C7D20C142C200298598 /* MobileCoreServices.framework */ = {isa = PBXFileReference; lastKnownFileType = wrapper.framework; name = MobileCoreServices.framework; path = System/Library/Frameworks/MobileCoreServices.framework; sourceTree = SDKROOT; };
/* End PBXFileReference section */

/* Begin PBXFrameworksBuildPhase section */
		474A48A320BBCE1100988FEC /* Frameworks */ = {
			isa = PBXFrameworksBuildPhase;
			buildActionMask = 2147483647;
			files = (
				47890C7E20C142C300298598 /* MobileCoreServices.framework in Frameworks */,
			);
			runOnlyForDeploymentPostprocessing = 0;
		};
/* End PBXFrameworksBuildPhase section */

/* Begin PBXGroup section */
		474A489D20BBCE1100988FEC = {
			isa = PBXGroup;
			children = (
				474A48A820BBCE1100988FEC /* QueQ_OBJC */,
				474A48A720BBCE1100988FEC /* Products */,
				47890C7C20C142C200298598 /* Frameworks */,
			);
			sourceTree = "<group>";
		};
		474A48A720BBCE1100988FEC /* Products */ = {
			isa = PBXGroup;
			children = (
				474A48A620BBCE1100988FEC /* QueQ_OBJC.app */,
			);
			name = Products;
			sourceTree = "<group>";
		};
		474A48A820BBCE1100988FEC /* QueQ_OBJC */ = {
			isa = PBXGroup;
			children = (
				474A48C320BD2E8200988FEC /* Model */,
				474A48C220BD2E7800988FEC /* View */,
				474A48C120BD2E4900988FEC /* Services */,
				474A48C020BD2E3400988FEC /* Controller */,
				474A48BF20BD2E3000988FEC /* New Group */,
				474A48A920BBCE1100988FEC /* AppDelegate.h */,
				474A48AA20BBCE1100988FEC /* AppDelegate.m */,
				474A48AF20BBCE1100988FEC /* Main.storyboard */,
				474A48B220BBCE1200988FEC /* Assets.xcassets */,
				474A48B420BBCE1200988FEC /* LaunchScreen.storyboard */,
				474A48B720BBCE1200988FEC /* Info.plist */,
				474A48B820BBCE1200988FEC /* main.m */,
			);
			path = QueQ_OBJC;
			sourceTree = "<group>";
		};
		474A48BF20BD2E3000988FEC /* New Group */ = {
			isa = PBXGroup;
			children = (
			);
			path = "New Group";
			sourceTree = "<group>";
		};
		474A48C020BD2E3400988FEC /* Controller */ = {
			isa = PBXGroup;
			children = (
				474A48AC20BBCE1100988FEC /* ViewController.h */,
				474A48AD20BBCE1100988FEC /* ViewController.m */,
				474A48C720BD2EED00988FEC /* SearchViewController.h */,
				474A48C820BD2EED00988FEC /* SearchViewController.m */,
				474A48CA20BD304100988FEC /* BookingViewController.h */,
				474A48CB20BD304100988FEC /* BookingViewController.m */,
				474A48CD20BD307800988FEC /* BookingDetailViewController.h */,
				474A48CE20BD307800988FEC /* BookingDetailViewController.m */,
				474A48D020BD309E00988FEC /* RestaurantListViewController.h */,
				474A48D120BD309E00988FEC /* RestaurantListViewController.m */,
				474A48D320BD30AE00988FEC /* PromotionListViewController.h */,
				474A48D420BD30AE00988FEC /* PromotionListViewController.m */,
				474A48D620BD30C200988FEC /* PromotionDetailViewController.h */,
				474A48D720BD30C200988FEC /* PromotionDetailViewController.m */,
			);
			path = Controller;
			sourceTree = "<group>";
		};
		474A48C120BD2E4900988FEC /* Services */ = {
			isa = PBXGroup;
			children = (
				47890C7920C04F2B00298598 /* HTTPService.h */,
				47890C7A20C04F2B00298598 /* HTTPService.m */,
			);
			path = Services;
			sourceTree = "<group>";
		};
		474A48C220BD2E7800988FEC /* View */ = {
			isa = PBXGroup;
			children = (
				474A48DF20BDB93000988FEC /* RestaurantCell.h */,
				474A48E020BDB93000988FEC /* RestaurantCell.m */,
				474A48E520BE3FE200988FEC /* PromotionCell.h */,
				474A48E620BE3FE200988FEC /* PromotionCell.m */,
			);
			path = View;
			sourceTree = "<group>";
		};
		474A48C320BD2E8200988FEC /* Model */ = {
			isa = PBXGroup;
			children = (
				474A48D920BD91A200988FEC /* Restaurant.h */,
				474A48DA20BD91A200988FEC /* Restaurant.m */,
				474A48E220BE3F4E00988FEC /* Promotion.h */,
				474A48E320BE3F4E00988FEC /* Promotion.m */,
				474A48E820BE5F8500988FEC /* Queue.h */,
				474A48E920BE5F8500988FEC /* Queue.m */,
			);
			path = Model;
			sourceTree = "<group>";
		};
		47890C7C20C142C200298598 /* Frameworks */ = {
			isa = PBXGroup;
			children = (
				47890C7D20C142C200298598 /* MobileCoreServices.framework */,
			);
			name = Frameworks;
			sourceTree = "<group>";
		};
/* End PBXGroup section */

/* Begin PBXNativeTarget section */
		474A48A520BBCE1100988FEC /* QueQ_OBJC */ = {
			isa = PBXNativeTarget;
			buildConfigurationList = 474A48BC20BBCE1200988FEC /* Build configuration list for PBXNativeTarget "QueQ_OBJC" */;
			buildPhases = (
				474A48A220BBCE1100988FEC /* Sources */,
				474A48A320BBCE1100988FEC /* Frameworks */,
				474A48A420BBCE1100988FEC /* Resources */,
			);
			buildRules = (
			);
			dependencies = (
			);
			name = QueQ_OBJC;
			productName = QueQ_OBJC;
			productReference = 474A48A620BBCE1100988FEC /* QueQ_OBJC.app */;
			productType = "com.apple.product-type.application";
		};
/* End PBXNativeTarget section */

/* Begin PBXProject section */
		474A489E20BBCE1100988FEC /* Project object */ = {
			isa = PBXProject;
			attributes = {
				LastUpgradeCheck = 0920;
				ORGANIZATIONNAME = "Nattaphon Thammarcheep";
				TargetAttributes = {
					474A48A520BBCE1100988FEC = {
						CreatedOnToolsVersion = 9.2;
						ProvisioningStyle = Automatic;
					};
				};
			};
			buildConfigurationList = 474A48A120BBCE1100988FEC /* Build configuration list for PBXProject "QueQ_OBJC" */;
			compatibilityVersion = "Xcode 8.0";
			developmentRegion = en;
			hasScannedForEncodings = 0;
			knownRegions = (
				en,
				Base,
			);
			mainGroup = 474A489D20BBCE1100988FEC;
			productRefGroup = 474A48A720BBCE1100988FEC /* Products */;
			projectDirPath = "";
			projectRoot = "";
			targets = (
				474A48A520BBCE1100988FEC /* QueQ_OBJC */,
			);
		};
/* End PBXProject section */

/* Begin PBXResourcesBuildPhase section */
		474A48A420BBCE1100988FEC /* Resources */ = {
			isa = PBXResourcesBuildPhase;
			buildActionMask = 2147483647;
			files = (
				474A48B620BBCE1200988FEC /* LaunchScreen.storyboard in Resources */,
				474A48B320BBCE1200988FEC /* Assets.xcassets in Resources */,
				474A48B120BBCE1100988FEC /* Main.storyboard in Resources */,
			);
			runOnlyForDeploymentPostprocessing = 0;
		};
/* End PBXResourcesBuildPhase section */

/* Begin PBXSourcesBuildPhase section */
		474A48A220BBCE1100988FEC /* Sources */ = {
			isa = PBXSourcesBuildPhase;
			buildActionMask = 2147483647;
			files = (
				474A48E120BDB93000988FEC /* RestaurantCell.m in Sources */,
				474A48AE20BBCE1100988FEC /* ViewController.m in Sources */,
				474A48B920BBCE1200988FEC /* main.m in Sources */,
				474A48D520BD30AE00988FEC /* PromotionListViewController.m in Sources */,
				474A48C920BD2EED00988FEC /* SearchViewController.m in Sources */,
				474A48CF20BD307800988FEC /* BookingDetailViewController.m in Sources */,
				47890C7B20C04F2B00298598 /* HTTPService.m in Sources */,
				474A48E720BE3FE200988FEC /* PromotionCell.m in Sources */,
				474A48EA20BE5F8500988FEC /* Queue.m in Sources */,
				474A48CC20BD304100988FEC /* BookingViewController.m in Sources */,
				474A48DB20BD91A200988FEC /* Restaurant.m in Sources */,
				474A48D820BD30C200988FEC /* PromotionDetailViewController.m in Sources */,
				474A48E420BE3F4E00988FEC /* Promotion.m in Sources */,
				474A48AB20BBCE1100988FEC /* AppDelegate.m in Sources */,
				474A48D220BD309E00988FEC /* RestaurantListViewController.m in Sources */,
			);
			runOnlyForDeploymentPostprocessing = 0;
		};
/* End PBXSourcesBuildPhase section */

/* Begin PBXVariantGroup section */
		474A48AF20BBCE1100988FEC /* Main.storyboard */ = {
			isa = PBXVariantGroup;
			children = (
				474A48B020BBCE1100988FEC /* Base */,
			);
			name = Main.storyboard;
			sourceTree = "<group>";
		};
		474A48B420BBCE1200988FEC /* LaunchScreen.storyboard */ = {
			isa = PBXVariantGroup;
			children = (
				474A48B520BBCE1200988FEC /* Base */,
			);
			name = LaunchScreen.storyboard;
			sourceTree = "<group>";
		};
/* End PBXVariantGroup section */

/* Begin XCBuildConfiguration section */
		474A48BA20BBCE1200988FEC /* Debug */ = {
			isa = XCBuildConfiguration;
			buildSettings = {
				ALWAYS_SEARCH_USER_PATHS = NO;
				CLANG_ANALYZER_NONNULL = YES;
				CLANG_ANALYZER_NUMBER_OBJECT_CONVERSION = YES_AGGRESSIVE;
				CLANG_CXX_LANGUAGE_STANDARD = "gnu++14";
				CLANG_CXX_LIBRARY = "libc++";
				CLANG_ENABLE_MODULES = YES;
				CLANG_ENABLE_OBJC_ARC = YES;
				CLANG_WARN_BLOCK_CAPTURE_AUTORELEASING = YES;
				CLANG_WARN_BOOL_CONVERSION = YES;
				CLANG_WARN_COMMA = YES;
				CLANG_WARN_CONSTANT_CONVERSION = YES;
				CLANG_WARN_DIRECT_OBJC_ISA_USAGE = YES_ERROR;
				CLANG_WARN_DOCUMENTATION_COMMENTS = YES;
				CLANG_WARN_EMPTY_BODY = YES;
				CLANG_WARN_ENUM_CONVERSION = YES;
				CLANG_WARN_INFINITE_RECURSION = YES;
				CLANG_WARN_INT_CONVERSION = YES;
				CLANG_WARN_NON_LITERAL_NULL_CONVERSION = YES;
				CLANG_WARN_OBJC_LITERAL_CONVERSION = YES;
				CLANG_WARN_OBJC_ROOT_CLASS = YES_ERROR;
				CLANG_WARN_RANGE_LOOP_ANALYSIS = YES;
				CLANG_WARN_STRICT_PROTOTYPES = YES;
				CLANG_WARN_SUSPICIOUS_MOVE = YES;
				CLANG_WARN_UNGUARDED_AVAILABILITY = YES_AGGRESSIVE;
				CLANG_WARN_UNREACHABLE_CODE = YES;
				CLANG_WARN__DUPLICATE_METHOD_MATCH = YES;
				CODE_SIGN_IDENTITY = "iPhone Developer";
				COPY_PHASE_STRIP = NO;
				DEBUG_INFORMATION_FORMAT = dwarf;
				ENABLE_STRICT_OBJC_MSGSEND = YES;
				ENABLE_TESTABILITY = YES;
				GCC_C_LANGUAGE_STANDARD = gnu11;
				GCC_DYNAMIC_NO_PIC = NO;
				GCC_NO_COMMON_BLOCKS = YES;
				GCC_OPTIMIZATION_LEVEL = 0;
				GCC_PREPROCESSOR_DEFINITIONS = (
					"DEBUG=1",
					"$(inherited)",
				);
				GCC_WARN_64_TO_32_BIT_CONVERSION = YES;
				GCC_WARN_ABOUT_RETURN_TYPE = YES_ERROR;
				GCC_WARN_UNDECLARED_SELECTOR = YES;
				GCC_WARN_UNINITIALIZED_AUTOS = YES_AGGRESSIVE;
				GCC_WARN_UNUSED_FUNCTION = YES;
				GCC_WARN_UNUSED_VARIABLE = YES;
				IPHONEOS_DEPLOYMENT_TARGET = 11.2;
				MTL_ENABLE_DEBUG_INFO = YES;
				ONLY_ACTIVE_ARCH = YES;
				SDKROOT = iphoneos;
			};
			name = Debug;
		};
		474A48BB20BBCE1200988FEC /* Release */ = {
			isa = XCBuildConfiguration;
			buildSettings = {
				ALWAYS_SEARCH_USER_PATHS = NO;
				CLANG_ANALYZER_NONNULL = YES;
				CLANG_ANALYZER_NUMBER_OBJECT_CONVERSION = YES_AGGRESSIVE;
				CLANG_CXX_LANGUAGE_STANDARD = "gnu++14";
				CLANG_CXX_LIBRARY = "libc++";
				CLANG_ENABLE_MODULES = YES;
				CLANG_ENABLE_OBJC_ARC = YES;
				CLANG_WARN_BLOCK_CAPTURE_AUTORELEASING = YES;
				CLANG_WARN_BOOL_CONVERSION = YES;
				CLANG_WARN_COMMA = YES;
				CLANG_WARN_CONSTANT_CONVERSION = YES;
				CLANG_WARN_DIRECT_OBJC_ISA_USAGE = YES_ERROR;
				CLANG_WARN_DOCUMENTATION_COMMENTS = YES;
				CLANG_WARN_EMPTY_BODY = YES;
				CLANG_WARN_ENUM_CONVERSION = YES;
				CLANG_WARN_INFINITE_RECURSION = YES;
				CLANG_WARN_INT_CONVERSION = YES;
				CLANG_WARN_NON_LITERAL_NULL_CONVERSION = YES;
				CLANG_WARN_OBJC_LITERAL_CONVERSION = YES;
				CLANG_WARN_OBJC_ROOT_CLASS = YES_ERROR;
				CLANG_WARN_RANGE_LOOP_ANALYSIS = YES;
				CLANG_WARN_STRICT_PROTOTYPES = YES;
				CLANG_WARN_SUSPICIOUS_MOVE = YES;
				CLANG_WARN_UNGUARDED_AVAILABILITY = YES_AGGRESSIVE;
				CLANG_WARN_UNREACHABLE_CODE = YES;
				CLANG_WARN__DUPLICATE_METHOD_MATCH = YES;
				CODE_SIGN_IDENTITY = "iPhone Developer";
				COPY_PHASE_STRIP = NO;
				DEBUG_INFORMATION_FORMAT = "dwarf-with-dsym";
				ENABLE_NS_ASSERTIONS = NO;
				ENABLE_STRICT_OBJC_MSGSEND = YES;
				GCC_C_LANGUAGE_STANDARD = gnu11;
				GCC_NO_COMMON_BLOCKS = YES;
				GCC_WARN_64_TO_32_BIT_CONVERSION = YES;
				GCC_WARN_ABOUT_RETURN_TYPE = YES_ERROR;
				GCC_WARN_UNDECLARED_SELECTOR = YES;
				GCC_WARN_UNINITIALIZED_AUTOS = YES_AGGRESSIVE;
				GCC_WARN_UNUSED_FUNCTION = YES;
				GCC_WARN_UNUSED_VARIABLE = YES;
				IPHONEOS_DEPLOYMENT_TARGET = 11.2;
				MTL_ENABLE_DEBUG_INFO = NO;
				SDKROOT = iphoneos;
				VALIDATE_PRODUCT = YES;
			};
			name = Release;
		};
		474A48BD20BBCE1200988FEC /* Debug */ = {
			isa = XCBuildConfiguration;
			buildSettings = {
				ASSETCATALOG_COMPILER_APPICON_NAME = AppIcon;
				CODE_SIGN_STYLE = Automatic;
				INFOPLIST_FILE = QueQ_OBJC/Info.plist;
				LD_RUNPATH_SEARCH_PATHS = "$(inherited) @executable_path/Frameworks";
				PRODUCT_BUNDLE_IDENTIFIER = "com.devaholic.QueQ-OBJC";
				PRODUCT_NAME = "$(TARGET_NAME)";
				TARGETED_DEVICE_FAMILY = 1;
			};
			name = Debug;
		};
		474A48BE20BBCE1200988FEC /* Release */ = {
			isa = XCBuildConfiguration;
			buildSettings = {
				ASSETCATALOG_COMPILER_APPICON_NAME = AppIcon;
				CODE_SIGN_STYLE = Automatic;
				INFOPLIST_FILE = QueQ_OBJC/Info.plist;
				LD_RUNPATH_SEARCH_PATHS = "$(inherited) @executable_path/Frameworks";
				PRODUCT_BUNDLE_IDENTIFIER = "com.devaholic.QueQ-OBJC";
				PRODUCT_NAME = "$(TARGET_NAME)";
				TARGETED_DEVICE_FAMILY = 1;
			};
			name = Release;
		};
/* End XCBuildConfiguration section */

/* Begin XCConfigurationList section */
		474A48A120BBCE1100988FEC /* Build configuration list for PBXProject "QueQ_OBJC" */ = {
			isa = XCConfigurationList;
			buildConfigurations = (
				474A48BA20BBCE1200988FEC /* Debug */,
				474A48BB20BBCE1200988FEC /* Release */,
			);
			defaultConfigurationIsVisible = 0;
			defaultConfigurationName = Release;
		};
		474A48BC20BBCE1200988FEC /* Build configuration list for PBXNativeTarget "QueQ_OBJC" */ = {
			isa = XCConfigurationList;
			buildConfigurations = (
				474A48BD20BBCE1200988FEC /* Debug */,
				474A48BE20BBCE1200988FEC /* Release */,
			);
			defaultConfigurationIsVisible = 0;
			defaultConfigurationName = Release;
		};
/* End XCConfigurationList section */
	};
	rootObject = 474A489E20BBCE1100988FEC /* Project object */;
}
